// !$*UTF8*$!
{
	archiveVersion = 1;
	classes = {
	};
	objectVersion = 46;
	objects = {

/* Begin PBXBuildFile section */
		93CC622A164D7B0C00EEDBF2 /* DDGMacros.m in Sources */ = {isa = PBXBuildFile; fileRef = 93CC6223164D7B0C00EEDBF2 /* DDGMacros.m */; };
		93CC622B164D7B0C00EEDBF2 /* DDGMacros.m in Sources */ = {isa = PBXBuildFile; fileRef = 93CC6223164D7B0C00EEDBF2 /* DDGMacros.m */; };
		93CC622C164D7B0C00EEDBF2 /* IIViewDeckController.m in Sources */ = {isa = PBXBuildFile; fileRef = 93CC6227164D7B0C00EEDBF2 /* IIViewDeckController.m */; };
		93CC622D164D7B0C00EEDBF2 /* IIViewDeckController.m in Sources */ = {isa = PBXBuildFile; fileRef = 93CC6227164D7B0C00EEDBF2 /* IIViewDeckController.m */; };
		93CC622E164D7B0C00EEDBF2 /* WrapController.m in Sources */ = {isa = PBXBuildFile; fileRef = 93CC6229164D7B0C00EEDBF2 /* WrapController.m */; };
		93CC622F164D7B0C00EEDBF2 /* WrapController.m in Sources */ = {isa = PBXBuildFile; fileRef = 93CC6229164D7B0C00EEDBF2 /* WrapController.m */; };
		93CC6243164D7BF200EEDBF2 /* Default-568h@2x.png in Resources */ = {isa = PBXBuildFile; fileRef = 93CC6231164D7BF200EEDBF2 /* Default-568h@2x.png */; };
		93CC6244164D7BF200EEDBF2 /* Default-568h@2x.png in Resources */ = {isa = PBXBuildFile; fileRef = 93CC6231164D7BF200EEDBF2 /* Default-568h@2x.png */; };
		93CC6245164D7BF200EEDBF2 /* Default.png in Resources */ = {isa = PBXBuildFile; fileRef = 93CC6232164D7BF200EEDBF2 /* Default.png */; };
		93CC6246164D7BF200EEDBF2 /* Default.png in Resources */ = {isa = PBXBuildFile; fileRef = 93CC6232164D7BF200EEDBF2 /* Default.png */; };
		93CC6247164D7BF200EEDBF2 /* Default@2x.png in Resources */ = {isa = PBXBuildFile; fileRef = 93CC6233164D7BF200EEDBF2 /* Default@2x.png */; };
		93CC6248164D7BF200EEDBF2 /* Default@2x.png in Resources */ = {isa = PBXBuildFile; fileRef = 93CC6233164D7BF200EEDBF2 /* Default@2x.png */; };
		93CC6249164D7BF200EEDBF2 /* ESVAppDelegate.m in Sources */ = {isa = PBXBuildFile; fileRef = 93CC6236164D7BF200EEDBF2 /* ESVAppDelegate.m */; };
		93CC624A164D7BF200EEDBF2 /* ESVAppDelegate.m in Sources */ = {isa = PBXBuildFile; fileRef = 93CC6236164D7BF200EEDBF2 /* ESVAppDelegate.m */; };
		93CC624B164D7BF200EEDBF2 /* ESVViewController.m in Sources */ = {isa = PBXBuildFile; fileRef = 93CC6238164D7BF200EEDBF2 /* ESVViewController.m */; };
		93CC624C164D7BF200EEDBF2 /* ESVViewController.m in Sources */ = {isa = PBXBuildFile; fileRef = 93CC6238164D7BF200EEDBF2 /* ESVViewController.m */; };
		93CC624D164D7BF200EEDBF2 /* InfoPlist.strings in Resources */ = {isa = PBXBuildFile; fileRef = 93CC623A164D7BF200EEDBF2 /* InfoPlist.strings */; };
		93CC624E164D7BF200EEDBF2 /* InfoPlist.strings in Resources */ = {isa = PBXBuildFile; fileRef = 93CC623A164D7BF200EEDBF2 /* InfoPlist.strings */; };
		93CC624F164D7BF200EEDBF2 /* MainStoryboard_iPad.storyboard in Resources */ = {isa = PBXBuildFile; fileRef = 93CC623C164D7BF200EEDBF2 /* MainStoryboard_iPad.storyboard */; };
		93CC6250164D7BF200EEDBF2 /* MainStoryboard_iPad.storyboard in Resources */ = {isa = PBXBuildFile; fileRef = 93CC623C164D7BF200EEDBF2 /* MainStoryboard_iPad.storyboard */; };
		93CC6251164D7BF200EEDBF2 /* MainStoryboard_iPhone.storyboard in Resources */ = {isa = PBXBuildFile; fileRef = 93CC623E164D7BF200EEDBF2 /* MainStoryboard_iPhone.storyboard */; };
		93CC6252164D7BF200EEDBF2 /* MainStoryboard_iPhone.storyboard in Resources */ = {isa = PBXBuildFile; fileRef = 93CC623E164D7BF200EEDBF2 /* MainStoryboard_iPhone.storyboard */; };
		93CC6255164D7BF200EEDBF2 /* main.m in Sources */ = {isa = PBXBuildFile; fileRef = 93CC6242164D7BF200EEDBF2 /* main.m */; };
		93CC6256164D7BF200EEDBF2 /* main.m in Sources */ = {isa = PBXBuildFile; fileRef = 93CC6242164D7BF200EEDBF2 /* main.m */; };
		93CC6258164D7C8000EEDBF2 /* ExampleSingleView-Info.plist in Resources */ = {isa = PBXBuildFile; fileRef = 93CC6257164D7C8000EEDBF2 /* ExampleSingleView-Info.plist */; };
		93CC6259164D7C8000EEDBF2 /* ExampleSingleView-Info.plist in Resources */ = {isa = PBXBuildFile; fileRef = 93CC6257164D7C8000EEDBF2 /* ExampleSingleView-Info.plist */; };
		93D4E38116485D9700BF9EF3 /* UIKit.framework in Frameworks */ = {isa = PBXBuildFile; fileRef = 93D4E38016485D9700BF9EF3 /* UIKit.framework */; };
		93D4E38316485D9700BF9EF3 /* Foundation.framework in Frameworks */ = {isa = PBXBuildFile; fileRef = 93D4E38216485D9700BF9EF3 /* Foundation.framework */; };
		93D4E38516485D9700BF9EF3 /* CoreGraphics.framework in Frameworks */ = {isa = PBXBuildFile; fileRef = 93D4E38416485D9700BF9EF3 /* CoreGraphics.framework */; };
		93D4E3A816485D9700BF9EF3 /* SenTestingKit.framework in Frameworks */ = {isa = PBXBuildFile; fileRef = 93D4E3A716485D9700BF9EF3 /* SenTestingKit.framework */; };
		93D4E3A916485D9800BF9EF3 /* UIKit.framework in Frameworks */ = {isa = PBXBuildFile; fileRef = 93D4E38016485D9700BF9EF3 /* UIKit.framework */; };
		93D4E3AA16485D9800BF9EF3 /* Foundation.framework in Frameworks */ = {isa = PBXBuildFile; fileRef = 93D4E38216485D9700BF9EF3 /* Foundation.framework */; };
		93D4E3B216485D9800BF9EF3 /* InfoPlist.strings in Resources */ = {isa = PBXBuildFile; fileRef = 93D4E3B016485D9800BF9EF3 /* InfoPlist.strings */; };
		93D4E3B516485D9800BF9EF3 /* ExampleSingleViewTests.m in Sources */ = {isa = PBXBuildFile; fileRef = 93D4E3B416485D9800BF9EF3 /* ExampleSingleViewTests.m */; };
		93D4E3C91648606700BF9EF3 /* QuartzCore.framework in Frameworks */ = {isa = PBXBuildFile; fileRef = 93D4E3C81648606700BF9EF3 /* QuartzCore.framework */; };
/* End PBXBuildFile section */

/* Begin PBXContainerItemProxy section */
		93D4E3AB16485D9800BF9EF3 /* PBXContainerItemProxy */ = {
			isa = PBXContainerItemProxy;
			containerPortal = 93D4E37316485D9700BF9EF3 /* Project object */;
			proxyType = 1;
			remoteGlobalIDString = 93D4E37B16485D9700BF9EF3;
			remoteInfo = ExampleSingleView;
		};
/* End PBXContainerItemProxy section */

/* Begin PBXFileReference section */
		93CC6222164D7B0C00EEDBF2 /* DDGMacros.h */ = {isa = PBXFileReference; fileEncoding = 4; lastKnownFileType = sourcecode.c.h; path = DDGMacros.h; sourceTree = "<group>"; };
		93CC6223164D7B0C00EEDBF2 /* DDGMacros.m */ = {isa = PBXFileReference; fileEncoding = 4; lastKnownFileType = sourcecode.c.objc; path = DDGMacros.m; sourceTree = "<group>"; };
		93CC6226164D7B0C00EEDBF2 /* IIViewDeckController.h */ = {isa = PBXFileReference; fileEncoding = 4; lastKnownFileType = sourcecode.c.h; path = IIViewDeckController.h; sourceTree = "<group>"; };
		93CC6227164D7B0C00EEDBF2 /* IIViewDeckController.m */ = {isa = PBXFileReference; fileEncoding = 4; lastKnownFileType = sourcecode.c.objc; path = IIViewDeckController.m; sourceTree = "<group>"; };
		93CC6228164D7B0C00EEDBF2 /* WrapController.h */ = {isa = PBXFileReference; fileEncoding = 4; lastKnownFileType = sourcecode.c.h; path = WrapController.h; sourceTree = "<group>"; };
		93CC6229164D7B0C00EEDBF2 /* WrapController.m */ = {isa = PBXFileReference; fileEncoding = 4; lastKnownFileType = sourcecode.c.objc; path = WrapController.m; sourceTree = "<group>"; };
		93CC6231164D7BF200EEDBF2 /* Default-568h@2x.png */ = {isa = PBXFileReference; lastKnownFileType = image.png; path = "Default-568h@2x.png"; sourceTree = "<group>"; };
		93CC6232164D7BF200EEDBF2 /* Default.png */ = {isa = PBXFileReference; lastKnownFileType = image.png; path = Default.png; sourceTree = "<group>"; };
		93CC6233164D7BF200EEDBF2 /* Default@2x.png */ = {isa = PBXFileReference; lastKnownFileType = image.png; path = "Default@2x.png"; sourceTree = "<group>"; };
		93CC6235164D7BF200EEDBF2 /* ESVAppDelegate.h */ = {isa = PBXFileReference; fileEncoding = 4; lastKnownFileType = sourcecode.c.h; path = ESVAppDelegate.h; sourceTree = "<group>"; };
		93CC6236164D7BF200EEDBF2 /* ESVAppDelegate.m */ = {isa = PBXFileReference; fileEncoding = 4; lastKnownFileType = sourcecode.c.objc; path = ESVAppDelegate.m; sourceTree = "<group>"; };
		93CC6237164D7BF200EEDBF2 /* ESVViewController.h */ = {isa = PBXFileReference; fileEncoding = 4; lastKnownFileType = sourcecode.c.h; path = ESVViewController.h; sourceTree = "<group>"; };
		93CC6238164D7BF200EEDBF2 /* ESVViewController.m */ = {isa = PBXFileReference; fileEncoding = 4; lastKnownFileType = sourcecode.c.objc; path = ESVViewController.m; sourceTree = "<group>"; };
		93CC623B164D7BF200EEDBF2 /* en */ = {isa = PBXFileReference; lastKnownFileType = text.plist.strings; name = en; path = en.lproj/InfoPlist.strings; sourceTree = "<group>"; };
		93CC623D164D7BF200EEDBF2 /* en */ = {isa = PBXFileReference; lastKnownFileType = file.storyboard; name = en; path = en.lproj/MainStoryboard_iPad.storyboard; sourceTree = "<group>"; };
		93CC623F164D7BF200EEDBF2 /* en */ = {isa = PBXFileReference; lastKnownFileType = file.storyboard; name = en; path = en.lproj/MainStoryboard_iPhone.storyboard; sourceTree = "<group>"; };
		93CC6242164D7BF200EEDBF2 /* main.m */ = {isa = PBXFileReference; fileEncoding = 4; lastKnownFileType = sourcecode.c.objc; path = main.m; sourceTree = "<group>"; };
		93CC6257164D7C8000EEDBF2 /* ExampleSingleView-Info.plist */ = {isa = PBXFileReference; fileEncoding = 4; lastKnownFileType = text.plist.xml; path = "ExampleSingleView-Info.plist"; sourceTree = "<group>"; };
		93CC625A164D7CB300EEDBF2 /* ExampleSingleView-Prefix.pch */ = {isa = PBXFileReference; fileEncoding = 4; lastKnownFileType = sourcecode.c.h; path = "ExampleSingleView-Prefix.pch"; sourceTree = "<group>"; };
		93D4E37C16485D9700BF9EF3 /* ExampleSingleView.app */ = {isa = PBXFileReference; explicitFileType = wrapper.application; includeInIndex = 0; path = ExampleSingleView.app; sourceTree = BUILT_PRODUCTS_DIR; };
		93D4E38016485D9700BF9EF3 /* UIKit.framework */ = {isa = PBXFileReference; lastKnownFileType = wrapper.framework; name = UIKit.framework; path = System/Library/Frameworks/UIKit.framework; sourceTree = SDKROOT; };
		93D4E38216485D9700BF9EF3 /* Foundation.framework */ = {isa = PBXFileReference; lastKnownFileType = wrapper.framework; name = Foundation.framework; path = System/Library/Frameworks/Foundation.framework; sourceTree = SDKROOT; };
		93D4E38416485D9700BF9EF3 /* CoreGraphics.framework */ = {isa = PBXFileReference; lastKnownFileType = wrapper.framework; name = CoreGraphics.framework; path = System/Library/Frameworks/CoreGraphics.framework; sourceTree = SDKROOT; };
		93D4E3A616485D9700BF9EF3 /* ExampleSingleViewTests.octest */ = {isa = PBXFileReference; explicitFileType = wrapper.cfbundle; includeInIndex = 0; path = ExampleSingleViewTests.octest; sourceTree = BUILT_PRODUCTS_DIR; };
		93D4E3A716485D9700BF9EF3 /* SenTestingKit.framework */ = {isa = PBXFileReference; lastKnownFileType = wrapper.framework; name = SenTestingKit.framework; path = Library/Frameworks/SenTestingKit.framework; sourceTree = DEVELOPER_DIR; };
		93D4E3AF16485D9800BF9EF3 /* ExampleSingleViewTests-Info.plist */ = {isa = PBXFileReference; lastKnownFileType = text.plist.xml; path = "ExampleSingleViewTests-Info.plist"; sourceTree = "<group>"; };
		93D4E3B116485D9800BF9EF3 /* en */ = {isa = PBXFileReference; lastKnownFileType = text.plist.strings; name = en; path = en.lproj/InfoPlist.strings; sourceTree = "<group>"; };
		93D4E3B316485D9800BF9EF3 /* ExampleSingleViewTests.h */ = {isa = PBXFileReference; lastKnownFileType = sourcecode.c.h; path = ExampleSingleViewTests.h; sourceTree = "<group>"; };
		93D4E3B416485D9800BF9EF3 /* ExampleSingleViewTests.m */ = {isa = PBXFileReference; lastKnownFileType = sourcecode.c.objc; path = ExampleSingleViewTests.m; sourceTree = "<group>"; };
		93D4E3C81648606700BF9EF3 /* QuartzCore.framework */ = {isa = PBXFileReference; lastKnownFileType = wrapper.framework; name = QuartzCore.framework; path = System/Library/Frameworks/QuartzCore.framework; sourceTree = SDKROOT; };
/* End PBXFileReference section */

/* Begin PBXFrameworksBuildPhase section */
		93D4E37916485D9700BF9EF3 /* Frameworks */ = {
			isa = PBXFrameworksBuildPhase;
			buildActionMask = 2147483647;
			files = (
				93D4E3C91648606700BF9EF3 /* QuartzCore.framework in Frameworks */,
				93D4E38116485D9700BF9EF3 /* UIKit.framework in Frameworks */,
				93D4E38316485D9700BF9EF3 /* Foundation.framework in Frameworks */,
				93D4E38516485D9700BF9EF3 /* CoreGraphics.framework in Frameworks */,
			);
			runOnlyForDeploymentPostprocessing = 0;
		};
		93D4E3A216485D9700BF9EF3 /* Frameworks */ = {
			isa = PBXFrameworksBuildPhase;
			buildActionMask = 2147483647;
			files = (
				93D4E3A816485D9700BF9EF3 /* SenTestingKit.framework in Frameworks */,
				93D4E3A916485D9800BF9EF3 /* UIKit.framework in Frameworks */,
				93D4E3AA16485D9800BF9EF3 /* Foundation.framework in Frameworks */,
			);
			runOnlyForDeploymentPostprocessing = 0;
		};
/* End PBXFrameworksBuildPhase section */

/* Begin PBXGroup section */
		93CC621F164D7B0C00EEDBF2 /* vendor */ = {
			isa = PBXGroup;
			children = (
				93CC6220164D7B0C00EEDBF2 /* DDG */,
				93CC6224164D7B0C00EEDBF2 /* Inferis */,
			);
			path = vendor;
			sourceTree = "<group>";
		};
		93CC6220164D7B0C00EEDBF2 /* DDG */ = {
			isa = PBXGroup;
			children = (
				93CC6221164D7B0C00EEDBF2 /* DDGMacros */,
			);
			path = DDG;
			sourceTree = "<group>";
		};
		93CC6221164D7B0C00EEDBF2 /* DDGMacros */ = {
			isa = PBXGroup;
			children = (
				93CC6222164D7B0C00EEDBF2 /* DDGMacros.h */,
				93CC6223164D7B0C00EEDBF2 /* DDGMacros.m */,
			);
			path = DDGMacros;
			sourceTree = "<group>";
		};
		93CC6224164D7B0C00EEDBF2 /* Inferis */ = {
			isa = PBXGroup;
			children = (
				93CC6225164D7B0C00EEDBF2 /* ViewDeck */,
			);
			path = Inferis;
			sourceTree = "<group>";
		};
		93CC6225164D7B0C00EEDBF2 /* ViewDeck */ = {
			isa = PBXGroup;
			children = (
				93CC6226164D7B0C00EEDBF2 /* IIViewDeckController.h */,
				93CC6227164D7B0C00EEDBF2 /* IIViewDeckController.m */,
				93CC6228164D7B0C00EEDBF2 /* WrapController.h */,
				93CC6229164D7B0C00EEDBF2 /* WrapController.m */,
			);
			path = ViewDeck;
			sourceTree = "<group>";
		};
		93CC6230164D7BF200EEDBF2 /* Assets */ = {
			isa = PBXGroup;
			children = (
				93CC6231164D7BF200EEDBF2 /* Default-568h@2x.png */,
				93CC6232164D7BF200EEDBF2 /* Default.png */,
				93CC6233164D7BF200EEDBF2 /* Default@2x.png */,
			);
			path = Assets;
			sourceTree = "<group>";
		};
		93CC6234164D7BF200EEDBF2 /* Classes */ = {
			isa = PBXGroup;
			children = (
				93CC6235164D7BF200EEDBF2 /* ESVAppDelegate.h */,
				93CC6236164D7BF200EEDBF2 /* ESVAppDelegate.m */,
				93CC6237164D7BF200EEDBF2 /* ESVViewController.h */,
				93CC6238164D7BF200EEDBF2 /* ESVViewController.m */,
			);
			path = Classes;
			sourceTree = "<group>";
		};
		93CC6239164D7BF200EEDBF2 /* Supporting Files */ = {
			isa = PBXGroup;
			children = (
				93CC623A164D7BF200EEDBF2 /* InfoPlist.strings */,
				93CC623C164D7BF200EEDBF2 /* MainStoryboard_iPad.storyboard */,
				93CC623E164D7BF200EEDBF2 /* MainStoryboard_iPhone.storyboard */,
				93CC6242164D7BF200EEDBF2 /* main.m */,
			);
			path = "Supporting Files";
			sourceTree = "<group>";
		};
		93D4E37116485D9700BF9EF3 = {
			isa = PBXGroup;
			children = (
				93D4E3C81648606700BF9EF3 /* QuartzCore.framework */,
				93CC621F164D7B0C00EEDBF2 /* vendor */,
				93D4E38616485D9700BF9EF3 /* ExampleSingleView */,
				93D4E3AD16485D9800BF9EF3 /* ExampleSingleViewTests */,
				93D4E37F16485D9700BF9EF3 /* Frameworks */,
				93D4E37D16485D9700BF9EF3 /* Products */,
			);
			sourceTree = "<group>";
		};
		93D4E37D16485D9700BF9EF3 /* Products */ = {
			isa = PBXGroup;
			children = (
				93D4E37C16485D9700BF9EF3 /* ExampleSingleView.app */,
				93D4E3A616485D9700BF9EF3 /* ExampleSingleViewTests.octest */,
			);
			name = Products;
			sourceTree = "<group>";
		};
		93D4E37F16485D9700BF9EF3 /* Frameworks */ = {
			isa = PBXGroup;
			children = (
				93D4E38016485D9700BF9EF3 /* UIKit.framework */,
				93D4E38216485D9700BF9EF3 /* Foundation.framework */,
				93D4E38416485D9700BF9EF3 /* CoreGraphics.framework */,
				93D4E3A716485D9700BF9EF3 /* SenTestingKit.framework */,
			);
			name = Frameworks;
			sourceTree = "<group>";
		};
		93D4E38616485D9700BF9EF3 /* ExampleSingleView */ = {
			isa = PBXGroup;
			children = (
				93CC625A164D7CB300EEDBF2 /* ExampleSingleView-Prefix.pch */,
				93CC6257164D7C8000EEDBF2 /* ExampleSingleView-Info.plist */,
				93CC6230164D7BF200EEDBF2 /* Assets */,
				93CC6234164D7BF200EEDBF2 /* Classes */,
				93CC6239164D7BF200EEDBF2 /* Supporting Files */,
			);
			path = ExampleSingleView;
			sourceTree = "<group>";
		};
		93D4E3AD16485D9800BF9EF3 /* ExampleSingleViewTests */ = {
			isa = PBXGroup;
			children = (
				93D4E3B316485D9800BF9EF3 /* ExampleSingleViewTests.h */,
				93D4E3B416485D9800BF9EF3 /* ExampleSingleViewTests.m */,
				93D4E3AE16485D9800BF9EF3 /* Supporting Files */,
			);
			path = ExampleSingleViewTests;
			sourceTree = "<group>";
		};
		93D4E3AE16485D9800BF9EF3 /* Supporting Files */ = {
			isa = PBXGroup;
			children = (
				93D4E3AF16485D9800BF9EF3 /* ExampleSingleViewTests-Info.plist */,
				93D4E3B016485D9800BF9EF3 /* InfoPlist.strings */,
			);
			name = "Supporting Files";
			sourceTree = "<group>";
		};
/* End PBXGroup section */

/* Begin PBXNativeTarget section */
		93D4E37B16485D9700BF9EF3 /* ExampleSingleView */ = {
			isa = PBXNativeTarget;
			buildConfigurationList = 93D4E3B816485D9800BF9EF3 /* Build configuration list for PBXNativeTarget "ExampleSingleView" */;
			buildPhases = (
				93D4E37816485D9700BF9EF3 /* Sources */,
				93D4E37916485D9700BF9EF3 /* Frameworks */,
				93D4E37A16485D9700BF9EF3 /* Resources */,
			);
			buildRules = (
			);
			dependencies = (
			);
			name = ExampleSingleView;
			productName = ExampleSingleView;
			productReference = 93D4E37C16485D9700BF9EF3 /* ExampleSingleView.app */;
			productType = "com.apple.product-type.application";
		};
		93D4E3A516485D9700BF9EF3 /* ExampleSingleViewTests */ = {
			isa = PBXNativeTarget;
			buildConfigurationList = 93D4E3BB16485D9800BF9EF3 /* Build configuration list for PBXNativeTarget "ExampleSingleViewTests" */;
			buildPhases = (
				93D4E3A116485D9700BF9EF3 /* Sources */,
				93D4E3A216485D9700BF9EF3 /* Frameworks */,
				93D4E3A316485D9700BF9EF3 /* Resources */,
				93D4E3A416485D9700BF9EF3 /* ShellScript */,
			);
			buildRules = (
			);
			dependencies = (
				93D4E3AC16485D9800BF9EF3 /* PBXTargetDependency */,
			);
			name = ExampleSingleViewTests;
			productName = ExampleSingleViewTests;
			productReference = 93D4E3A616485D9700BF9EF3 /* ExampleSingleViewTests.octest */;
			productType = "com.apple.product-type.bundle";
		};
/* End PBXNativeTarget section */

/* Begin PBXProject section */
		93D4E37316485D9700BF9EF3 /* Project object */ = {
			isa = PBXProject;
			attributes = {
				CLASSPREFIX = ESV;
				LastUpgradeCheck = 0450;
				ORGANIZATIONNAME = "Mason Weems";
			};
			buildConfigurationList = 93D4E37616485D9700BF9EF3 /* Build configuration list for PBXProject "ExampleSingleView" */;
			compatibilityVersion = "Xcode 3.2";
			developmentRegion = English;
			hasScannedForEncodings = 0;
			knownRegions = (
				en,
			);
			mainGroup = 93D4E37116485D9700BF9EF3;
			productRefGroup = 93D4E37D16485D9700BF9EF3 /* Products */;
			projectDirPath = "";
			projectRoot = "";
			targets = (
				93D4E37B16485D9700BF9EF3 /* ExampleSingleView */,
				93D4E3A516485D9700BF9EF3 /* ExampleSingleViewTests */,
			);
		};
/* End PBXProject section */

/* Begin PBXResourcesBuildPhase section */
		93D4E37A16485D9700BF9EF3 /* Resources */ = {
			isa = PBXResourcesBuildPhase;
			buildActionMask = 2147483647;
			files = (
				93CC6243164D7BF200EEDBF2 /* Default-568h@2x.png in Resources */,
				93CC6245164D7BF200EEDBF2 /* Default.png in Resources */,
				93CC6247164D7BF200EEDBF2 /* Default@2x.png in Resources */,
				93CC624D164D7BF200EEDBF2 /* InfoPlist.strings in Resources */,
				93CC624F164D7BF200EEDBF2 /* MainStoryboard_iPad.storyboard in Resources */,
				93CC6251164D7BF200EEDBF2 /* MainStoryboard_iPhone.storyboard in Resources */,
				93CC6258164D7C8000EEDBF2 /* ExampleSingleView-Info.plist in Resources */,
			);
			runOnlyForDeploymentPostprocessing = 0;
		};
		93D4E3A316485D9700BF9EF3 /* Resources */ = {
			isa = PBXResourcesBuildPhase;
			buildActionMask = 2147483647;
			files = (
				93D4E3B216485D9800BF9EF3 /* InfoPlist.strings in Resources */,
				93CC6244164D7BF200EEDBF2 /* Default-568h@2x.png in Resources */,
				93CC6246164D7BF200EEDBF2 /* Default.png in Resources */,
				93CC6248164D7BF200EEDBF2 /* Default@2x.png in Resources */,
				93CC624E164D7BF200EEDBF2 /* InfoPlist.strings in Resources */,
				93CC6250164D7BF200EEDBF2 /* MainStoryboard_iPad.storyboard in Resources */,
				93CC6252164D7BF200EEDBF2 /* MainStoryboard_iPhone.storyboard in Resources */,
				93CC6259164D7C8000EEDBF2 /* ExampleSingleView-Info.plist in Resources */,
			);
			runOnlyForDeploymentPostprocessing = 0;
		};
/* End PBXResourcesBuildPhase section */

/* Begin PBXShellScriptBuildPhase section */
		93D4E3A416485D9700BF9EF3 /* ShellScript */ = {
			isa = PBXShellScriptBuildPhase;
			buildActionMask = 2147483647;
			files = (
			);
			inputPaths = (
			);
			outputPaths = (
			);
			runOnlyForDeploymentPostprocessing = 0;
			shellPath = /bin/sh;
			shellScript = "# Run the unit tests in this test bundle.\n\"${SYSTEM_DEVELOPER_DIR}/Tools/RunUnitTests\"\n";
		};
/* End PBXShellScriptBuildPhase section */

/* Begin PBXSourcesBuildPhase section */
		93D4E37816485D9700BF9EF3 /* Sources */ = {
			isa = PBXSourcesBuildPhase;
			buildActionMask = 2147483647;
			files = (
				93CC622A164D7B0C00EEDBF2 /* DDGMacros.m in Sources */,
				93CC622C164D7B0C00EEDBF2 /* IIViewDeckController.m in Sources */,
				93CC622E164D7B0C00EEDBF2 /* WrapController.m in Sources */,
				93CC6249164D7BF200EEDBF2 /* ESVAppDelegate.m in Sources */,
				93CC624B164D7BF200EEDBF2 /* ESVViewController.m in Sources */,
				93CC6255164D7BF200EEDBF2 /* main.m in Sources */,
			);
			runOnlyForDeploymentPostprocessing = 0;
		};
		93D4E3A116485D9700BF9EF3 /* Sources */ = {
			isa = PBXSourcesBuildPhase;
			buildActionMask = 2147483647;
			files = (
				93D4E3B516485D9800BF9EF3 /* ExampleSingleViewTests.m in Sources */,
				93CC622B164D7B0C00EEDBF2 /* DDGMacros.m in Sources */,
				93CC622D164D7B0C00EEDBF2 /* IIViewDeckController.m in Sources */,
				93CC622F164D7B0C00EEDBF2 /* WrapController.m in Sources */,
				93CC624A164D7BF200EEDBF2 /* ESVAppDelegate.m in Sources */,
				93CC624C164D7BF200EEDBF2 /* ESVViewController.m in Sources */,
				93CC6256164D7BF200EEDBF2 /* main.m in Sources */,
			);
			runOnlyForDeploymentPostprocessing = 0;
		};
/* End PBXSourcesBuildPhase section */

/* Begin PBXTargetDependency section */
		93D4E3AC16485D9800BF9EF3 /* PBXTargetDependency */ = {
			isa = PBXTargetDependency;
			target = 93D4E37B16485D9700BF9EF3 /* ExampleSingleView */;
			targetProxy = 93D4E3AB16485D9800BF9EF3 /* PBXContainerItemProxy */;
		};
/* End PBXTargetDependency section */

/* Begin PBXVariantGroup section */
		93CC623A164D7BF200EEDBF2 /* InfoPlist.strings */ = {
			isa = PBXVariantGroup;
			children = (
				93CC623B164D7BF200EEDBF2 /* en */,
			);
			name = InfoPlist.strings;
			sourceTree = "<group>";
		};
		93CC623C164D7BF200EEDBF2 /* MainStoryboard_iPad.storyboard */ = {
			isa = PBXVariantGroup;
			children = (
				93CC623D164D7BF200EEDBF2 /* en */,
			);
			name = MainStoryboard_iPad.storyboard;
			sourceTree = "<group>";
		};
		93CC623E164D7BF200EEDBF2 /* MainStoryboard_iPhone.storyboard */ = {
			isa = PBXVariantGroup;
			children = (
				93CC623F164D7BF200EEDBF2 /* en */,
			);
			name = MainStoryboard_iPhone.storyboard;
			sourceTree = "<group>";
		};
		93D4E3B016485D9800BF9EF3 /* InfoPlist.strings */ = {
			isa = PBXVariantGroup;
			children = (
				93D4E3B116485D9800BF9EF3 /* en */,
			);
			name = InfoPlist.strings;
			sourceTree = "<group>";
		};
/* End PBXVariantGroup section */

/* Begin XCBuildConfiguration section */
		93D4E3B616485D9800BF9EF3 /* Debug */ = {
			isa = XCBuildConfiguration;
			buildSettings = {
				ALWAYS_SEARCH_USER_PATHS = NO;
				CLANG_CXX_LANGUAGE_STANDARD = "gnu++0x";
				CLANG_CXX_LIBRARY = "libc++";
				CLANG_ENABLE_OBJC_ARC = YES;
				CLANG_WARN_EMPTY_BODY = YES;
				CLANG_WARN__DUPLICATE_METHOD_MATCH = YES;
				"CODE_SIGN_IDENTITY[sdk=iphoneos*]" = "iPhone Developer";
				COPY_PHASE_STRIP = NO;
				GCC_C_LANGUAGE_STANDARD = gnu99;
				GCC_DYNAMIC_NO_PIC = NO;
				GCC_OPTIMIZATION_LEVEL = 0;
				GCC_PREPROCESSOR_DEFINITIONS = (
					"DEBUG=1",
					"$(inherited)",
				);
				GCC_SYMBOLS_PRIVATE_EXTERN = NO;
				GCC_WARN_ABOUT_RETURN_TYPE = YES;
				GCC_WARN_UNINITIALIZED_AUTOS = YES;
				GCC_WARN_UNUSED_VARIABLE = YES;
				IPHONEOS_DEPLOYMENT_TARGET = 6.0;
				ONLY_ACTIVE_ARCH = YES;
				SDKROOT = iphoneos;
				TARGETED_DEVICE_FAMILY = "1,2";
			};
			name = Debug;
		};
		93D4E3B716485D9800BF9EF3 /* Release */ = {
			isa = XCBuildConfiguration;
			buildSettings = {
				ALWAYS_SEARCH_USER_PATHS = NO;
				CLANG_CXX_LANGUAGE_STANDARD = "gnu++0x";
				CLANG_CXX_LIBRARY = "libc++";
				CLANG_ENABLE_OBJC_ARC = YES;
				CLANG_WARN_EMPTY_BODY = YES;
				CLANG_WARN__DUPLICATE_METHOD_MATCH = YES;
				"CODE_SIGN_IDENTITY[sdk=iphoneos*]" = "iPhone Developer";
				COPY_PHASE_STRIP = YES;
				GCC_C_LANGUAGE_STANDARD = gnu99;
				GCC_WARN_ABOUT_RETURN_TYPE = YES;
				GCC_WARN_UNINITIALIZED_AUTOS = YES;
				GCC_WARN_UNUSED_VARIABLE = YES;
				IPHONEOS_DEPLOYMENT_TARGET = 6.0;
				OTHER_CFLAGS = "-DNS_BLOCK_ASSERTIONS=1";
				SDKROOT = iphoneos;
				TARGETED_DEVICE_FAMILY = "1,2";
				VALIDATE_PRODUCT = YES;
			};
			name = Release;
		};
		93D4E3B916485D9800BF9EF3 /* Debug */ = {
			isa = XCBuildConfiguration;
			buildSettings = {
				GCC_PRECOMPILE_PREFIX_HEADER = YES;
				GCC_PREFIX_HEADER = "ExampleSingleView/ExampleSingleView-Prefix.pch";
				INFOPLIST_FILE = "ExampleSingleView/ExampleSingleView-Info.plist";
				PRODUCT_NAME = "$(TARGET_NAME)";
				WRAPPER_EXTENSION = app;
			};
			name = Debug;
		};
		93D4E3BA16485D9800BF9EF3 /* Release */ = {
			isa = XCBuildConfiguration;
			buildSettings = {
				GCC_PRECOMPILE_PREFIX_HEADER = YES;
				GCC_PREFIX_HEADER = "ExampleSingleView/ExampleSingleView-Prefix.pch";
				INFOPLIST_FILE = "ExampleSingleView/ExampleSingleView-Info.plist";
				PRODUCT_NAME = "$(TARGET_NAME)";
				WRAPPER_EXTENSION = app;
			};
			name = Release;
		};
		93D4E3BC16485D9800BF9EF3 /* Debug */ = {
			isa = XCBuildConfiguration;
			buildSettings = {
				BUNDLE_LOADER = "$(BUILT_PRODUCTS_DIR)/ExampleSingleView.app/ExampleSingleView";
				FRAMEWORK_SEARCH_PATHS = (
					"\"$(SDKROOT)/Developer/Library/Frameworks\"",
					"\"$(DEVELOPER_LIBRARY_DIR)/Frameworks\"",
				);
				GCC_PRECOMPILE_PREFIX_HEADER = YES;
				GCC_PREFIX_HEADER = "ExampleSingleView/ExampleSingleView-Prefix.pch";
				INFOPLIST_FILE = "ExampleSingleViewTests/ExampleSingleViewTests-Info.plist";
				PRODUCT_NAME = "$(TARGET_NAME)";
				TEST_HOST = "$(BUNDLE_LOADER)";
				WRAPPER_EXTENSION = octest;
			};
			name = Debug;
		};
		93D4E3BD16485D9800BF9EF3 /* Release */ = {
			isa = XCBuildConfiguration;
			buildSettings = {
				BUNDLE_LOADER = "$(BUILT_PRODUCTS_DIR)/ExampleSingleView.app/ExampleSingleView";
				FRAMEWORK_SEARCH_PATHS = (
					"\"$(SDKROOT)/Developer/Library/Frameworks\"",
					"\"$(DEVELOPER_LIBRARY_DIR)/Frameworks\"",
				);
				GCC_PRECOMPILE_PREFIX_HEADER = YES;
				GCC_PREFIX_HEADER = "ExampleSingleView/ExampleSingleView-Prefix.pch";
				INFOPLIST_FILE = "ExampleSingleViewTests/ExampleSingleViewTests-Info.plist";
				PRODUCT_NAME = "$(TARGET_NAME)";
				TEST_HOST = "$(BUNDLE_LOADER)";
				WRAPPER_EXTENSION = octest;
			};
			name = Release;
		};
/* End XCBuildConfiguration section */

/* Begin XCConfigurationList section */
		93D4E37616485D9700BF9EF3 /* Build configuration list for PBXProject "ExampleSingleView" */ = {
			isa = XCConfigurationList;
			buildConfigurations = (
				93D4E3B616485D9800BF9EF3 /* Debug */,
				93D4E3B716485D9800BF9EF3 /* Release */,
			);
			defaultConfigurationIsVisible = 0;
			defaultConfigurationName = Release;
		};
		93D4E3B816485D9800BF9EF3 /* Build configuration list for PBXNativeTarget "ExampleSingleView" */ = {
			isa = XCConfigurationList;
			buildConfigurations = (
				93D4E3B916485D9800BF9EF3 /* Debug */,
				93D4E3BA16485D9800BF9EF3 /* Release */,
			);
			defaultConfigurationIsVisible = 0;
			defaultConfigurationName = Release;
		};
		93D4E3BB16485D9800BF9EF3 /* Build configuration list for PBXNativeTarget "ExampleSingleViewTests" */ = {
			isa = XCConfigurationList;
			buildConfigurations = (
				93D4E3BC16485D9800BF9EF3 /* Debug */,
				93D4E3BD16485D9800BF9EF3 /* Release */,
			);
			defaultConfigurationIsVisible = 0;
			defaultConfigurationName = Release;
		};
/* End XCConfigurationList section */
	};
	rootObject = 93D4E37316485D9700BF9EF3 /* Project object */;
}
